
Microsoft Visual Studio Solution File, Format Version 12.00
# Visual Studio 15
VisualStudioVersion = 15.0.27004.2005
MinimumVisualStudioVersion = 10.0.40219.1
Project("{888888A0-9F3D-457C-B088-3A5042F75D52}") = "KasparovChessEngine", "src\KasparovChessEngine.pyproj", "{35E5A3A0-CAD0-497A-B51D-CAC6E0A8B24A}"
EndProject
Global
	GlobalSection(SolutionConfigurationPlatforms) = preSolution
		Debug|Any CPU = Debug|Any CPU
		Release|Any CPU = Release|Any CPU
	EndGlobalSection
	GlobalSection(ProjectConfigurationPlatforms) = postSolution
		{35E5A3A0-CAD0-497A-B51D-CAC6E0A8B24A}.Debug|Any CPU.ActiveCfg = Debug|Any CPU
		{35E5A3A0-CAD0-497A-B51D-CAC6E0A8B24A}.Release|Any CPU.ActiveCfg = Release|Any CPU
	EndGlobalSection
	GlobalSection(SolutionProperties) = preSolution
		HideSolutionNode = FALSE
	EndGlobalSection
	GlobalSection(ExtensibilityGlobals) = postSolution
		SolutionGuid = {94BED827-AF88-48D2-99D5-42BE6D650837}
	EndGlobalSection
EndGlobal
