
Microsoft Visual Studio Solution File, Format Version 12.00
# Visual Studio 15
VisualStudioVersion = 15.0.27004.2005
MinimumVisualStudioVersion = 10.0.40219.1
Project("{8BC9CEB8-8B4A-11D0-8D11-00A0C91BC942}") = "CChessEngine", "CChessEngine\CChessEngine.vcxproj", "{0D049EA0-AC05-4170-B7F9-CCF14193E3D0}"
EndProject
Global
	GlobalSection(SolutionConfigurationPlatforms) = preSolution
		Debug|x64 = Debug|x64
		Debug|x86 = Debug|x86
		Release|x64 = Release|x64
		Release|x86 = Release|x86
	EndGlobalSection
	GlobalSection(ProjectConfigurationPlatforms) = postSolution
		{0D049EA0-AC05-4170-B7F9-CCF14193E3D0}.Debug|x64.ActiveCfg = Debug|x64
		{0D049EA0-AC05-4170-B7F9-CCF14193E3D0}.Debug|x64.Build.0 = Debug|x64
		{0D049EA0-AC05-4170-B7F9-CCF14193E3D0}.Debug|x86.ActiveCfg = Debug|Win32
		{0D049EA0-AC05-4170-B7F9-CCF14193E3D0}.Debug|x86.Build.0 = Debug|Win32
		{0D049EA0-AC05-4170-B7F9-CCF14193E3D0}.Release|x64.ActiveCfg = Release|x64
		{0D049EA0-AC05-4170-B7F9-CCF14193E3D0}.Release|x64.Build.0 = Release|x64
		{0D049EA0-AC05-4170-B7F9-CCF14193E3D0}.Release|x86.ActiveCfg = Release|Win32
		{0D049EA0-AC05-4170-B7F9-CCF14193E3D0}.Release|x86.Build.0 = Release|Win32
	EndGlobalSection
	GlobalSection(SolutionProperties) = preSolution
		HideSolutionNode = FALSE
	EndGlobalSection
	GlobalSection(ExtensibilityGlobals) = postSolution
		SolutionGuid = {170506FF-48B9-473B-9423-DD1BE906ACEC}
	EndGlobalSection
EndGlobal
